
Microsoft Visual Studio Solution File, Format Version 12.00
Project("{FAE04EC0-301F-11D3-BF4B-00C04F79EFBC}") = "ConsoleDummyEngine", "ConsoleDummyEngine\ConsoleDummyEngine.csproj", "{CD3026DC-EEBC-4CA5-A586-7E6D5A28C78C}"
EndProject
Project("{FAE04EC0-301F-11D3-BF4B-00C04F79EFBC}") = "ConsoleGameEngine", "ollelogdahlConsoleGameEngine\Source\ConsoleGameEngine.csproj", "{7AF47A03-FABF-458B-BE6F-4F8BEF89A7E6}"
EndProject
Global
	GlobalSection(SolutionConfigurationPlatforms) = preSolution
		Debug|Any CPU = Debug|Any CPU
		Release|Any CPU = Release|Any CPU
	EndGlobalSection
	GlobalSection(ProjectConfigurationPlatforms) = postSolution
		{CD3026DC-EEBC-4CA5-A586-7E6D5A28C78C}.Debug|Any CPU.ActiveCfg = Debug|Any CPU
		{CD3026DC-EEBC-4CA5-A586-7E6D5A28C78C}.Debug|Any CPU.Build.0 = Debug|Any CPU
		{CD3026DC-EEBC-4CA5-A586-7E6D5A28C78C}.Release|Any CPU.ActiveCfg = Release|Any CPU
		{CD3026DC-EEBC-4CA5-A586-7E6D5A28C78C}.Release|Any CPU.Build.0 = Release|Any CPU
		{7AF47A03-FABF-458B-BE6F-4F8BEF89A7E6}.Debug|Any CPU.ActiveCfg = Debug|Any CPU
		{7AF47A03-FABF-458B-BE6F-4F8BEF89A7E6}.Debug|Any CPU.Build.0 = Debug|Any CPU
		{7AF47A03-FABF-458B-BE6F-4F8BEF89A7E6}.Release|Any CPU.ActiveCfg = Release|Any CPU
		{7AF47A03-FABF-458B-BE6F-4F8BEF89A7E6}.Release|Any CPU.Build.0 = Release|Any CPU
	EndGlobalSection
EndGlobal
